
Microsoft Visual Studio Solution File, Format Version 12.00
# Visual Studio Version 16
VisualStudioVersion = 16.0.29728.190
MinimumVisualStudioVersion = 10.0.40219.1
Project("{9A19103F-16F7-4668-BE54-9A1E7A4F7556}") = "ConsoleUI", "ConsoleUI\ConsoleUI.csproj", "{BA934261-E348-4400-A504-05AB0D3B92BE}"
EndProject
Project("{9A19103F-16F7-4668-BE54-9A1E7A4F7556}") = "ListImpl", "ListImpl\ListImpl.csproj", "{EADC55B3-818E-4BE4-BDED-9A333AEADD2B}"
EndProject
Project("{9A19103F-16F7-4668-BE54-9A1E7A4F7556}") = "DomainLayer", "DomainLayer\DomainLayer.csproj", "{C603FA86-F035-44B9-BA08-AD6A2AA4FFE4}"
EndProject
Project("{9A19103F-16F7-4668-BE54-9A1E7A4F7556}") = "InfrastructureLayer", "InfrastructureLayer\InfrastructureLayer.csproj", "{F1BA6674-DB14-498A-A431-898F08AC4DD9}"
EndProject
Project("{FAE04EC0-301F-11D3-BF4B-00C04F79EFBC}") = "DAL", "DAL\DAL.csproj", "{795FABA6-1B55-4EA7-A15E-B0DCF6993F92}"
EndProject
Global
	GlobalSection(SolutionConfigurationPlatforms) = preSolution
		Debug|Any CPU = Debug|Any CPU
		Release|Any CPU = Release|Any CPU
	EndGlobalSection
	GlobalSection(ProjectConfigurationPlatforms) = postSolution
		{BA934261-E348-4400-A504-05AB0D3B92BE}.Debug|Any CPU.ActiveCfg = Debug|Any CPU
		{BA934261-E348-4400-A504-05AB0D3B92BE}.Debug|Any CPU.Build.0 = Debug|Any CPU
		{BA934261-E348-4400-A504-05AB0D3B92BE}.Release|Any CPU.ActiveCfg = Release|Any CPU
		{BA934261-E348-4400-A504-05AB0D3B92BE}.Release|Any CPU.Build.0 = Release|Any CPU
		{EADC55B3-818E-4BE4-BDED-9A333AEADD2B}.Debug|Any CPU.ActiveCfg = Debug|Any CPU
		{EADC55B3-818E-4BE4-BDED-9A333AEADD2B}.Debug|Any CPU.Build.0 = Debug|Any CPU
		{EADC55B3-818E-4BE4-BDED-9A333AEADD2B}.Release|Any CPU.ActiveCfg = Release|Any CPU
		{EADC55B3-818E-4BE4-BDED-9A333AEADD2B}.Release|Any CPU.Build.0 = Release|Any CPU
		{C603FA86-F035-44B9-BA08-AD6A2AA4FFE4}.Debug|Any CPU.ActiveCfg = Debug|Any CPU
		{C603FA86-F035-44B9-BA08-AD6A2AA4FFE4}.Debug|Any CPU.Build.0 = Debug|Any CPU
		{C603FA86-F035-44B9-BA08-AD6A2AA4FFE4}.Release|Any CPU.ActiveCfg = Release|Any CPU
		{C603FA86-F035-44B9-BA08-AD6A2AA4FFE4}.Release|Any CPU.Build.0 = Release|Any CPU
		{F1BA6674-DB14-498A-A431-898F08AC4DD9}.Debug|Any CPU.ActiveCfg = Debug|Any CPU
		{F1BA6674-DB14-498A-A431-898F08AC4DD9}.Debug|Any CPU.Build.0 = Debug|Any CPU
		{F1BA6674-DB14-498A-A431-898F08AC4DD9}.Release|Any CPU.ActiveCfg = Release|Any CPU
		{F1BA6674-DB14-498A-A431-898F08AC4DD9}.Release|Any CPU.Build.0 = Release|Any CPU
		{795FABA6-1B55-4EA7-A15E-B0DCF6993F92}.Debug|Any CPU.ActiveCfg = Debug|Any CPU
		{795FABA6-1B55-4EA7-A15E-B0DCF6993F92}.Debug|Any CPU.Build.0 = Debug|Any CPU
		{795FABA6-1B55-4EA7-A15E-B0DCF6993F92}.Release|Any CPU.ActiveCfg = Release|Any CPU
		{795FABA6-1B55-4EA7-A15E-B0DCF6993F92}.Release|Any CPU.Build.0 = Release|Any CPU
	EndGlobalSection
	GlobalSection(SolutionProperties) = preSolution
		HideSolutionNode = FALSE
	EndGlobalSection
	GlobalSection(ExtensibilityGlobals) = postSolution
		SolutionGuid = {AE6D120F-71EF-4C3A-9B99-7544499E1CFF}
	EndGlobalSection
EndGlobal
